
Microsoft Visual Studio Solution File, Format Version 12.00
# Visual Studio Version 17
VisualStudioVersion = 17.2.32519.379
MinimumVisualStudioVersion = 10.0.40219.1
Project("{8BC9CEB8-8B4A-11D0-8D11-00A0C91BC942}") = "lab 1.2", "lab 1.2.vcxproj", "{3C93E38C-F690-411E-BCB8-ABC76083D76F}"
EndProject
Global
	GlobalSection(SolutionConfigurationPlatforms) = preSolution
		Debug|x64 = Debug|x64
		Debug|x86 = Debug|x86
		Release|x64 = Release|x64
		Release|x86 = Release|x86
	EndGlobalSection
	GlobalSection(ProjectConfigurationPlatforms) = postSolution
		{3C93E38C-F690-411E-BCB8-ABC76083D76F}.Debug|x64.ActiveCfg = Debug|x64
		{3C93E38C-F690-411E-BCB8-ABC76083D76F}.Debug|x64.Build.0 = Debug|x64
		{3C93E38C-F690-411E-BCB8-ABC76083D76F}.Debug|x86.ActiveCfg = Debug|Win32
		{3C93E38C-F690-411E-BCB8-ABC76083D76F}.Debug|x86.Build.0 = Debug|Win32
		{3C93E38C-F690-411E-BCB8-ABC76083D76F}.Release|x64.ActiveCfg = Release|x64
		{3C93E38C-F690-411E-BCB8-ABC76083D76F}.Release|x64.Build.0 = Release|x64
		{3C93E38C-F690-411E-BCB8-ABC76083D76F}.Release|x86.ActiveCfg = Release|Win32
		{3C93E38C-F690-411E-BCB8-ABC76083D76F}.Release|x86.Build.0 = Release|Win32
	EndGlobalSection
	GlobalSection(SolutionProperties) = preSolution
		HideSolutionNode = FALSE
	EndGlobalSection
	GlobalSection(ExtensibilityGlobals) = postSolution
		SolutionGuid = {C659EB4C-689A-4B86-9A01-93DD3CD585DB}
	EndGlobalSection
EndGlobal
